
Microsoft Visual Studio Solution File, Format Version 12.00
# Visual Studio Version 16
VisualStudioVersion = 16.0.30907.101
MinimumVisualStudioVersion = 10.0.40219.1
Project("{FAE04EC0-301F-11D3-BF4B-00C04F79EFBC}") = "Blog", "Blog\Blog.csproj", "{A6E83409-8471-4BB0-8E18-8B442605A38E}"
EndProject
Project("{FAE04EC0-301F-11D3-BF4B-00C04F79EFBC}") = "Blog.UnitTests", "Blog.UnitTests\Blog.UnitTests.csproj", "{B85877FC-B7BE-4DE0-A4F1-D90513D0D5AB}"
EndProject
Global
	GlobalSection(SolutionConfigurationPlatforms) = preSolution
		Debug|Any CPU = Debug|Any CPU
		Release|Any CPU = Release|Any CPU
	EndGlobalSection
	GlobalSection(ProjectConfigurationPlatforms) = postSolution
		{A6E83409-8471-4BB0-8E18-8B442605A38E}.Debug|Any CPU.ActiveCfg = Debug|Any CPU
		{A6E83409-8471-4BB0-8E18-8B442605A38E}.Debug|Any CPU.Build.0 = Debug|Any CPU
		{A6E83409-8471-4BB0-8E18-8B442605A38E}.Release|Any CPU.ActiveCfg = Release|Any CPU
		{A6E83409-8471-4BB0-8E18-8B442605A38E}.Release|Any CPU.Build.0 = Release|Any CPU
		{B85877FC-B7BE-4DE0-A4F1-D90513D0D5AB}.Debug|Any CPU.ActiveCfg = Debug|Any CPU
		{B85877FC-B7BE-4DE0-A4F1-D90513D0D5AB}.Debug|Any CPU.Build.0 = Debug|Any CPU
		{B85877FC-B7BE-4DE0-A4F1-D90513D0D5AB}.Release|Any CPU.ActiveCfg = Release|Any CPU
		{B85877FC-B7BE-4DE0-A4F1-D90513D0D5AB}.Release|Any CPU.Build.0 = Release|Any CPU
	EndGlobalSection
	GlobalSection(SolutionProperties) = preSolution
		HideSolutionNode = FALSE
	EndGlobalSection
	GlobalSection(ExtensibilityGlobals) = postSolution
		SolutionGuid = {040FD9B6-4BDB-4B1C-A4C2-EF4BD7CF4EEB}
	EndGlobalSection
EndGlobal
