
Microsoft Visual Studio Solution File, Format Version 12.00
# Visual Studio 15
VisualStudioVersion = 15.0.26124.0
MinimumVisualStudioVersion = 15.0.26124.0
Project("{2150E333-8FDC-42A3-9474-1A3956D46DE8}") = "src", "src", "{6139C671-C9DB-4EC3-8C5F-360040D96372}"
EndProject
Project("{FAE04EC0-301F-11D3-BF4B-00C04F79EFBC}") = "GradeBook", "src\GradeBook\GradeBook.csproj", "{72DBDB50-E384-4EB3-B988-8FA2972490DC}"
EndProject
Project("{2150E333-8FDC-42A3-9474-1A3956D46DE8}") = "test", "test", "{F6AA7717-166F-4905-8827-2871132AC9E7}"
EndProject
Project("{FAE04EC0-301F-11D3-BF4B-00C04F79EFBC}") = "GradeBook.Tests", "test\GradeBook.Tests\GradeBook.Tests.csproj", "{B8A1768C-67F5-4564-BA72-9CBBA35CC903}"
EndProject
Global
	GlobalSection(SolutionConfigurationPlatforms) = preSolution
		Debug|Any CPU = Debug|Any CPU
		Debug|x64 = Debug|x64
		Debug|x86 = Debug|x86
		Release|Any CPU = Release|Any CPU
		Release|x64 = Release|x64
		Release|x86 = Release|x86
	EndGlobalSection
	GlobalSection(SolutionProperties) = preSolution
		HideSolutionNode = FALSE
	EndGlobalSection
	GlobalSection(ProjectConfigurationPlatforms) = postSolution
		{72DBDB50-E384-4EB3-B988-8FA2972490DC}.Debug|Any CPU.ActiveCfg = Debug|Any CPU
		{72DBDB50-E384-4EB3-B988-8FA2972490DC}.Debug|Any CPU.Build.0 = Debug|Any CPU
		{72DBDB50-E384-4EB3-B988-8FA2972490DC}.Debug|x64.ActiveCfg = Debug|Any CPU
		{72DBDB50-E384-4EB3-B988-8FA2972490DC}.Debug|x64.Build.0 = Debug|Any CPU
		{72DBDB50-E384-4EB3-B988-8FA2972490DC}.Debug|x86.ActiveCfg = Debug|Any CPU
		{72DBDB50-E384-4EB3-B988-8FA2972490DC}.Debug|x86.Build.0 = Debug|Any CPU
		{72DBDB50-E384-4EB3-B988-8FA2972490DC}.Release|Any CPU.ActiveCfg = Release|Any CPU
		{72DBDB50-E384-4EB3-B988-8FA2972490DC}.Release|Any CPU.Build.0 = Release|Any CPU
		{72DBDB50-E384-4EB3-B988-8FA2972490DC}.Release|x64.ActiveCfg = Release|Any CPU
		{72DBDB50-E384-4EB3-B988-8FA2972490DC}.Release|x64.Build.0 = Release|Any CPU
		{72DBDB50-E384-4EB3-B988-8FA2972490DC}.Release|x86.ActiveCfg = Release|Any CPU
		{72DBDB50-E384-4EB3-B988-8FA2972490DC}.Release|x86.Build.0 = Release|Any CPU
		{B8A1768C-67F5-4564-BA72-9CBBA35CC903}.Debug|Any CPU.ActiveCfg = Debug|Any CPU
		{B8A1768C-67F5-4564-BA72-9CBBA35CC903}.Debug|Any CPU.Build.0 = Debug|Any CPU
		{B8A1768C-67F5-4564-BA72-9CBBA35CC903}.Debug|x64.ActiveCfg = Debug|Any CPU
		{B8A1768C-67F5-4564-BA72-9CBBA35CC903}.Debug|x64.Build.0 = Debug|Any CPU
		{B8A1768C-67F5-4564-BA72-9CBBA35CC903}.Debug|x86.ActiveCfg = Debug|Any CPU
		{B8A1768C-67F5-4564-BA72-9CBBA35CC903}.Debug|x86.Build.0 = Debug|Any CPU
		{B8A1768C-67F5-4564-BA72-9CBBA35CC903}.Release|Any CPU.ActiveCfg = Release|Any CPU
		{B8A1768C-67F5-4564-BA72-9CBBA35CC903}.Release|Any CPU.Build.0 = Release|Any CPU
		{B8A1768C-67F5-4564-BA72-9CBBA35CC903}.Release|x64.ActiveCfg = Release|Any CPU
		{B8A1768C-67F5-4564-BA72-9CBBA35CC903}.Release|x64.Build.0 = Release|Any CPU
		{B8A1768C-67F5-4564-BA72-9CBBA35CC903}.Release|x86.ActiveCfg = Release|Any CPU
		{B8A1768C-67F5-4564-BA72-9CBBA35CC903}.Release|x86.Build.0 = Release|Any CPU
	EndGlobalSection
	GlobalSection(NestedProjects) = preSolution
		{72DBDB50-E384-4EB3-B988-8FA2972490DC} = {6139C671-C9DB-4EC3-8C5F-360040D96372}
		{B8A1768C-67F5-4564-BA72-9CBBA35CC903} = {F6AA7717-166F-4905-8827-2871132AC9E7}
	EndGlobalSection
EndGlobal
